
Microsoft Visual Studio Solution File, Format Version 12.00
# Visual Studio 15
VisualStudioVersion = 15.0.27004.2002
MinimumVisualStudioVersion = 10.0.40219.1
Project("{FAE04EC0-301F-11D3-BF4B-00C04F79EFBC}") = "CLJ_HACK", "CLJ_HACK\CLJ_HACK.csproj", "{FFDB9F41-011B-4677-8E83-BEA0E436525C}"
EndProject
Global
	GlobalSection(SolutionConfigurationPlatforms) = preSolution
		Debug|Any CPU = Debug|Any CPU
		Release|Any CPU = Release|Any CPU
	EndGlobalSection
	GlobalSection(ProjectConfigurationPlatforms) = postSolution
		{FFDB9F41-011B-4677-8E83-BEA0E436525C}.Debug|Any CPU.ActiveCfg = Debug|Any CPU
		{FFDB9F41-011B-4677-8E83-BEA0E436525C}.Debug|Any CPU.Build.0 = Debug|Any CPU
		{FFDB9F41-011B-4677-8E83-BEA0E436525C}.Release|Any CPU.ActiveCfg = Release|Any CPU
		{FFDB9F41-011B-4677-8E83-BEA0E436525C}.Release|Any CPU.Build.0 = Release|Any CPU
	EndGlobalSection
	GlobalSection(SolutionProperties) = preSolution
		HideSolutionNode = FALSE
	EndGlobalSection
	GlobalSection(ExtensibilityGlobals) = postSolution
		SolutionGuid = {AC7D3A3C-8209-4B52-9B65-3781F220E758}
	EndGlobalSection
EndGlobal
